
Microsoft Visual Studio Solution File, Format Version 12.00
# Visual Studio Version 16
VisualStudioVersion = 16.0.30002.166
MinimumVisualStudioVersion = 10.0.40219.1
Project("{FAE04EC0-301F-11D3-BF4B-00C04F79EFBC}") = "CONVERT-OBJECT-TO", "CONVERT-OBJECT-TO\CONVERT-OBJECT-TO.csproj", "{36C80B3C-2A81-4CA4-9F8C-1B4E1803536F}"
EndProject
Project("{FAE04EC0-301F-11D3-BF4B-00C04F79EFBC}") = "OBJECT-TO-XML", "OBJECT-TO-XML\OBJECT-TO-XML.csproj", "{D055DEC4-A28D-40D8-B53F-D3FFB240F25B}"
EndProject
Project("{FAE04EC0-301F-11D3-BF4B-00C04F79EFBC}") = "ConvertDictionary", "ConvertDictionary\ConvertDictionary.csproj", "{53F77B64-229D-407D-8B88-8F8A78E59F77}"
EndProject
Project("{FAE04EC0-301F-11D3-BF4B-00C04F79EFBC}") = "OBJECT-TO-SOAP", "OBJECT-TO-SOAP\OBJECT-TO-SOAP.csproj", "{E4DD01D3-17C5-4CD0-A5DC-EE39431C39DA}"
EndProject
Project("{FAE04EC0-301F-11D3-BF4B-00C04F79EFBC}") = "OBJECT-TO-SOAP-CHUBB", "OBJECT-TO-SOAP-CHUBB\OBJECT-TO-SOAP-CHUBB.csproj", "{21116F29-9B5A-4B6F-AF7D-6BC320592DAE}"
EndProject
Project("{FAE04EC0-301F-11D3-BF4B-00C04F79EFBC}") = "OBJECT-TO-SOAP-API", "OBJECT-TO-SOAP-API\OBJECT-TO-SOAP-API.csproj", "{54875475-7AFB-4B22-94D4-BA46F9B12FB9}"
EndProject
Global
	GlobalSection(SolutionConfigurationPlatforms) = preSolution
		Debug|Any CPU = Debug|Any CPU
		Release|Any CPU = Release|Any CPU
	EndGlobalSection
	GlobalSection(ProjectConfigurationPlatforms) = postSolution
		{36C80B3C-2A81-4CA4-9F8C-1B4E1803536F}.Debug|Any CPU.ActiveCfg = Debug|Any CPU
		{36C80B3C-2A81-4CA4-9F8C-1B4E1803536F}.Debug|Any CPU.Build.0 = Debug|Any CPU
		{36C80B3C-2A81-4CA4-9F8C-1B4E1803536F}.Release|Any CPU.ActiveCfg = Release|Any CPU
		{36C80B3C-2A81-4CA4-9F8C-1B4E1803536F}.Release|Any CPU.Build.0 = Release|Any CPU
		{D055DEC4-A28D-40D8-B53F-D3FFB240F25B}.Debug|Any CPU.ActiveCfg = Debug|Any CPU
		{D055DEC4-A28D-40D8-B53F-D3FFB240F25B}.Debug|Any CPU.Build.0 = Debug|Any CPU
		{D055DEC4-A28D-40D8-B53F-D3FFB240F25B}.Release|Any CPU.ActiveCfg = Release|Any CPU
		{D055DEC4-A28D-40D8-B53F-D3FFB240F25B}.Release|Any CPU.Build.0 = Release|Any CPU
		{53F77B64-229D-407D-8B88-8F8A78E59F77}.Debug|Any CPU.ActiveCfg = Debug|Any CPU
		{53F77B64-229D-407D-8B88-8F8A78E59F77}.Debug|Any CPU.Build.0 = Debug|Any CPU
		{53F77B64-229D-407D-8B88-8F8A78E59F77}.Release|Any CPU.ActiveCfg = Release|Any CPU
		{53F77B64-229D-407D-8B88-8F8A78E59F77}.Release|Any CPU.Build.0 = Release|Any CPU
		{E4DD01D3-17C5-4CD0-A5DC-EE39431C39DA}.Debug|Any CPU.ActiveCfg = Debug|Any CPU
		{E4DD01D3-17C5-4CD0-A5DC-EE39431C39DA}.Debug|Any CPU.Build.0 = Debug|Any CPU
		{E4DD01D3-17C5-4CD0-A5DC-EE39431C39DA}.Release|Any CPU.ActiveCfg = Release|Any CPU
		{E4DD01D3-17C5-4CD0-A5DC-EE39431C39DA}.Release|Any CPU.Build.0 = Release|Any CPU
		{21116F29-9B5A-4B6F-AF7D-6BC320592DAE}.Debug|Any CPU.ActiveCfg = Debug|Any CPU
		{21116F29-9B5A-4B6F-AF7D-6BC320592DAE}.Debug|Any CPU.Build.0 = Debug|Any CPU
		{21116F29-9B5A-4B6F-AF7D-6BC320592DAE}.Release|Any CPU.ActiveCfg = Release|Any CPU
		{21116F29-9B5A-4B6F-AF7D-6BC320592DAE}.Release|Any CPU.Build.0 = Release|Any CPU
		{54875475-7AFB-4B22-94D4-BA46F9B12FB9}.Debug|Any CPU.ActiveCfg = Debug|Any CPU
		{54875475-7AFB-4B22-94D4-BA46F9B12FB9}.Debug|Any CPU.Build.0 = Debug|Any CPU
		{54875475-7AFB-4B22-94D4-BA46F9B12FB9}.Release|Any CPU.ActiveCfg = Release|Any CPU
		{54875475-7AFB-4B22-94D4-BA46F9B12FB9}.Release|Any CPU.Build.0 = Release|Any CPU
	EndGlobalSection
	GlobalSection(SolutionProperties) = preSolution
		HideSolutionNode = FALSE
	EndGlobalSection
	GlobalSection(ExtensibilityGlobals) = postSolution
		SolutionGuid = {D4260961-6E42-4BD9-AB1F-B66706472FDD}
	EndGlobalSection
EndGlobal
